
Microsoft Visual Studio Solution File, Format Version 12.00
# Visual Studio Version 16
VisualStudioVersion = 16.0.33130.400
MinimumVisualStudioVersion = 10.0.40219.1
Project("{FAE04EC0-301F-11D3-BF4B-00C04F79EFBC}") = "WebApplication", "WebApplication\WebApplication.csproj", "{74BBA0C3-A324-4B3C-B6DC-E660C10EBA80}"
EndProject
Global
	GlobalSection(SolutionConfigurationPlatforms) = preSolution
		Debug|Any CPU = Debug|Any CPU
		Release|Any CPU = Release|Any CPU
	EndGlobalSection
	GlobalSection(ProjectConfigurationPlatforms) = postSolution
		{74BBA0C3-A324-4B3C-B6DC-E660C10EBA80}.Debug|Any CPU.ActiveCfg = Debug|Any CPU
		{74BBA0C3-A324-4B3C-B6DC-E660C10EBA80}.Debug|Any CPU.Build.0 = Debug|Any CPU
		{74BBA0C3-A324-4B3C-B6DC-E660C10EBA80}.Release|Any CPU.ActiveCfg = Release|Any CPU
		{74BBA0C3-A324-4B3C-B6DC-E660C10EBA80}.Release|Any CPU.Build.0 = Release|Any CPU
	EndGlobalSection
	GlobalSection(SolutionProperties) = preSolution
		HideSolutionNode = FALSE
	EndGlobalSection
	GlobalSection(ExtensibilityGlobals) = postSolution
		SolutionGuid = {24E870AD-D378-4BFE-A974-478792DC4D3A}
	EndGlobalSection
EndGlobal
